[0m[1mmodule.ecr.data.aws_partition.current: Reading...[0m[0m
[0m[1mmodule.ecr.data.aws_caller_identity.current: Reading...[0m[0m
[0m[1mmodule.ecr.data.aws_partition.current: Read complete after 0s [id=aws][0m
[0m[1mmodule.ecr.data.aws_caller_identity.current: Read complete after 0s [id=847112097768][0m
[0m[1mmodule.ecr.data.aws_iam_policy_document.repository[0]: Reading...[0m[0m
[0m[1mmodule.ecr.data.aws_iam_policy_document.repository[0]: Read complete after 0s [id=4142754008][0m

Terraform used the selected providers to generate the following execution
plan. Resource actions are indicated with the following symbols:
  [32m+[0m create[0m
 [36m<=[0m read (data resources)[0m

Terraform will perform the following actions:

[1m  # module.ec2.data.aws_partition.current[0m will be read during apply
  # (depends on a resource or a module with changes pending)
[0m [36m<=[0m[0m data "aws_partition" "current" {
      [32m+[0m[0m dns_suffix         = (known after apply)
      [32m+[0m[0m id                 = (known after apply)
      [32m+[0m[0m partition          = (known after apply)
      [32m+[0m[0m reverse_dns_prefix = (known after apply)
    }

[1m  # module.ec2.data.aws_ssm_parameter.this[0][0m will be read during apply
  # (depends on a resource or a module with changes pending)
[0m [36m<=[0m[0m data "aws_ssm_parameter" "this" {
      [32m+[0m[0m arn            = (known after apply)
      [32m+[0m[0m id             = (known after apply)
      [32m+[0m[0m insecure_value = (known after apply)
      [32m+[0m[0m name           = "/aws/service/ami-amazon-linux-latest/amzn2-ami-hvm-x86_64-gp2"
      [32m+[0m[0m type           = (known after apply)
      [32m+[0m[0m value          = (sensitive value)
      [32m+[0m[0m version        = (known after apply)
    }

[1m  # module.ec2.aws_instance.this[0][0m will be created
[0m  [32m+[0m[0m resource "aws_instance" "this" {
      [32m+[0m[0m ami                                  = (known after apply)
      [32m+[0m[0m arn                                  = (known after apply)
      [32m+[0m[0m associate_public_ip_address          = (known after apply)
      [32m+[0m[0m availability_zone                    = (known after apply)
      [32m+[0m[0m cpu_core_count                       = (known after apply)
      [32m+[0m[0m cpu_threads_per_core                 = (known after apply)
      [32m+[0m[0m disable_api_stop                     = (known after apply)
      [32m+[0m[0m disable_api_termination              = (known after apply)
      [32m+[0m[0m ebs_optimized                        = (known after apply)
      [32m+[0m[0m get_password_data                    = false
      [32m+[0m[0m host_id                              = (known after apply)
      [32m+[0m[0m host_resource_group_arn              = (known after apply)
      [32m+[0m[0m iam_instance_profile                 = (known after apply)
      [32m+[0m[0m id                                   = (known after apply)
      [32m+[0m[0m instance_initiated_shutdown_behavior = (known after apply)
      [32m+[0m[0m instance_lifecycle                   = (known after apply)
      [32m+[0m[0m instance_state                       = (known after apply)
      [32m+[0m[0m instance_type                        = "t2.micro"
      [32m+[0m[0m ipv6_address_count                   = (known after apply)
      [32m+[0m[0m ipv6_addresses                       = (known after apply)
      [32m+[0m[0m key_name                             = (known after apply)
      [32m+[0m[0m monitoring                           = (known after apply)
      [32m+[0m[0m outpost_arn                          = (known after apply)
      [32m+[0m[0m password_data                        = (known after apply)
      [32m+[0m[0m placement_group                      = (known after apply)
      [32m+[0m[0m placement_partition_number           = (known after apply)
      [32m+[0m[0m primary_network_interface_id         = (known after apply)
      [32m+[0m[0m private_dns                          = (known after apply)
      [32m+[0m[0m private_ip                           = (known after apply)
      [32m+[0m[0m public_dns                           = (known after apply)
      [32m+[0m[0m public_ip                            = (known after apply)
      [32m+[0m[0m secondary_private_ips                = (known after apply)
      [32m+[0m[0m security_groups                      = (known after apply)
      [32m+[0m[0m source_dest_check                    = true
      [32m+[0m[0m spot_instance_request_id             = (known after apply)
      [32m+[0m[0m subnet_id                            = (known after apply)
      [32m+[0m[0m tags                                 = {
          [32m+[0m[0m "Name" = "devops-ec2"
        }
      [32m+[0m[0m tags_all                             = {
          [32m+[0m[0m "Name" = "devops-ec2"
        }
      [32m+[0m[0m tenancy                              = (known after apply)
      [32m+[0m[0m user_data                            = (known after apply)
      [32m+[0m[0m user_data_base64                     = (known after apply)
      [32m+[0m[0m user_data_replace_on_change          = false
      [32m+[0m[0m volume_tags                          = {
          [32m+[0m[0m "Name" = "devops-ec2"
        }
      [32m+[0m[0m vpc_security_group_ids               = (known after apply)

      [32m+[0m[0m capacity_reservation_specification (known after apply)

      [32m+[0m[0m cpu_options (known after apply)

      [32m+[0m[0m credit_specification {}

      [32m+[0m[0m ebs_block_device (known after apply)

      [32m+[0m[0m enclave_options {
          [32m+[0m[0m enabled = (known after apply)
        }

      [32m+[0m[0m ephemeral_block_device (known after apply)

      [32m+[0m[0m instance_market_options (known after apply)

      [32m+[0m[0m maintenance_options (known after apply)

      [32m+[0m[0m metadata_options {
          [32m+[0m[0m http_endpoint               = "enabled"
          [32m+[0m[0m http_protocol_ipv6          = "disabled"
          [32m+[0m[0m http_put_response_hop_limit = 1
          [32m+[0m[0m http_tokens                 = "optional"
          [32m+[0m[0m instance_metadata_tags      = (known after apply)
        }

      [32m+[0m[0m network_interface (known after apply)

      [32m+[0m[0m private_dns_name_options (known after apply)

      [32m+[0m[0m root_block_device (known after apply)

      [32m+[0m[0m timeouts {}
    }

[1m  # module.ecr.aws_ecrpublic_repository.this[0][0m will be created
[0m  [32m+[0m[0m resource "aws_ecrpublic_repository" "this" {
      [32m+[0m[0m arn             = (known after apply)
      [32m+[0m[0m force_destroy   = false
      [32m+[0m[0m id              = (known after apply)
      [32m+[0m[0m registry_id     = (known after apply)
      [32m+[0m[0m repository_name = "devops-ecr"
      [32m+[0m[0m repository_uri  = (known after apply)
      [32m+[0m[0m tags_all        = (known after apply)
    }

[1m  # module.ecr.aws_ecrpublic_repository_policy.example[0][0m will be created
[0m  [32m+[0m[0m resource "aws_ecrpublic_repository_policy" "example" {
      [32m+[0m[0m id              = (known after apply)
      [32m+[0m[0m policy          = jsonencode(
            {
              [32m+[0m[0m Statement = [
                  [32m+[0m[0m {
                      [32m+[0m[0m Action    = [
                          [32m+[0m[0m "ecr-public:GetDownloadUrlForLayer",
                          [32m+[0m[0m "ecr-public:BatchGetImage",
                        ]
                      [32m+[0m[0m Effect    = "Allow"
                      [32m+[0m[0m Principal = {
                          [32m+[0m[0m AWS = "*"
                        }
                      [32m+[0m[0m Sid       = "PublicReadOnly"
                    },
                ]
              [32m+[0m[0m Version   = "2012-10-17"
            }
        )
      [32m+[0m[0m registry_id     = (known after apply)
      [32m+[0m[0m repository_name = "devops-ecr"
    }

[1m  # module.eks.data.aws_caller_identity.current[0m will be read during apply
  # (depends on a resource or a module with changes pending)
[0m [36m<=[0m[0m data "aws_caller_identity" "current" {
      [32m+[0m[0m account_id = (known after apply)
      [32m+[0m[0m arn        = (known after apply)
      [32m+[0m[0m id         = (known after apply)
      [32m+[0m[0m user_id    = (known after apply)
    }

[1m  # module.eks.data.aws_iam_policy_document.assume_role_policy[0][0m will be read during apply
  # (depends on a resource or a module with changes pending)
[0m [36m<=[0m[0m data "aws_iam_policy_document" "assume_role_policy" {
      [32m+[0m[0m id            = (known after apply)
      [32m+[0m[0m json          = (known after apply)
      [32m+[0m[0m minified_json = (known after apply)

      [32m+[0m[0m statement {
          [32m+[0m[0m actions = [
              [32m+[0m[0m "sts:AssumeRole",
            ]
          [32m+[0m[0m sid     = "EKSClusterAssumeRole"

          [32m+[0m[0m principals {
              [32m+[0m[0m identifiers = [
                  [32m+[0m[0m "eks.amazonaws.com",
                ]
              [32m+[0m[0m type        = "Service"
            }
        }
    }

[1m  # module.eks.data.aws_iam_session_context.current[0m will be read during apply
  # (config refers to values not yet known)
[0m [36m<=[0m[0m data "aws_iam_session_context" "current" {
      [32m+[0m[0m arn          = (known after apply)
      [32m+[0m[0m id           = (known after apply)
      [32m+[0m[0m issuer_arn   = (known after apply)
      [32m+[0m[0m issuer_id    = (known after apply)
      [32m+[0m[0m issuer_name  = (known after apply)
      [32m+[0m[0m session_name = (known after apply)
    }

[1m  # module.eks.data.aws_partition.current[0m will be read during apply
  # (depends on a resource or a module with changes pending)
[0m [36m<=[0m[0m data "aws_partition" "current" {
      [32m+[0m[0m dns_suffix         = (known after apply)
      [32m+[0m[0m id                 = (known after apply)
      [32m+[0m[0m partition          = (known after apply)
      [32m+[0m[0m reverse_dns_prefix = (known after apply)
    }

[1m  # module.eks.data.tls_certificate.this[0][0m will be read during apply
  # (config refers to values not yet known)
[0m [36m<=[0m[0m data "tls_certificate" "this" {
      [32m+[0m[0m certificates = (known after apply)
      [32m+[0m[0m id           = (known after apply)
      [32m+[0m[0m url          = (known after apply)
    }

[1m  # module.eks.aws_cloudwatch_log_group.this[0][0m will be created
[0m  [32m+[0m[0m resource "aws_cloudwatch_log_group" "this" {
      [32m+[0m[0m arn               = (known after apply)
      [32m+[0m[0m id                = (known after apply)
      [32m+[0m[0m log_group_class   = (known after apply)
      [32m+[0m[0m name              = "/aws/eks/devops-eks/cluster"
      [32m+[0m[0m name_prefix       = (known after apply)
      [32m+[0m[0m retention_in_days = 90
      [32m+[0m[0m skip_destroy      = false
      [32m+[0m[0m tags              = {
          [32m+[0m[0m "Name" = "/aws/eks/devops-eks/cluster"
        }
      [32m+[0m[0m tags_all          = {
          [32m+[0m[0m "Name" = "/aws/eks/devops-eks/cluster"
        }
    }

[1m  # module.eks.aws_eks_cluster.this[0][0m will be created
[0m  [32m+[0m[0m resource "aws_eks_cluster" "this" {
      [32m+[0m[0m arn                           = (known after apply)
      [32m+[0m[0m bootstrap_self_managed_addons = true
      [32m+[0m[0m certificate_authority         = (known after apply)
      [32m+[0m[0m cluster_id                    = (known after apply)
      [32m+[0m[0m created_at                    = (known after apply)
      [32m+[0m[0m enabled_cluster_log_types     = [
          [32m+[0m[0m "api",
          [32m+[0m[0m "audit",
          [32m+[0m[0m "authenticator",
        ]
      [32m+[0m[0m endpoint                      = (known after apply)
      [32m+[0m[0m id                            = (known after apply)
      [32m+[0m[0m identity                      = (known after apply)
      [32m+[0m[0m name                          = "devops-eks"
      [32m+[0m[0m platform_version              = (known after apply)
      [32m+[0m[0m role_arn                      = (known after apply)
      [32m+[0m[0m status                        = (known after apply)
      [32m+[0m[0m tags                          = {
          [32m+[0m[0m "terraform-aws-modules" = "eks"
        }
      [32m+[0m[0m tags_all                      = {
          [32m+[0m[0m "terraform-aws-modules" = "eks"
        }
      [32m+[0m[0m version                       = "1.30"

      [32m+[0m[0m access_config {
          [32m+[0m[0m authentication_mode                         = "API_AND_CONFIG_MAP"
          [32m+[0m[0m bootstrap_cluster_creator_admin_permissions = false
        }

      [32m+[0m[0m encryption_config {
          [32m+[0m[0m resources = [
              [32m+[0m[0m "secrets",
            ]

          [32m+[0m[0m provider {
              [32m+[0m[0m key_arn = (known after apply)
            }
        }

      [32m+[0m[0m kubernetes_network_config {
          [32m+[0m[0m ip_family         = "ipv4"
          [32m+[0m[0m service_ipv4_cidr = (known after apply)
          [32m+[0m[0m service_ipv6_cidr = (known after apply)
        }

      [32m+[0m[0m timeouts {}

      [32m+[0m[0m upgrade_policy (known after apply)

      [32m+[0m[0m vpc_config {
          [32m+[0m[0m cluster_security_group_id = (known after apply)
          [32m+[0m[0m endpoint_private_access   = true
          [32m+[0m[0m endpoint_public_access    = true
          [32m+[0m[0m public_access_cidrs       = [
              [32m+[0m[0m "0.0.0.0/0",
            ]
          [32m+[0m[0m security_group_ids        = (known after apply)
          [32m+[0m[0m subnet_ids                = (known after apply)
          [32m+[0m[0m vpc_id                    = (known after apply)
        }
    }

[1m  # module.eks.aws_iam_openid_connect_provider.oidc_provider[0][0m will be created
[0m  [32m+[0m[0m resource "aws_iam_openid_connect_provider" "oidc_provider" {
      [32m+[0m[0m arn             = (known after apply)
      [32m+[0m[0m client_id_list  = [
          [32m+[0m[0m "sts.amazonaws.com",
        ]
      [32m+[0m[0m id              = (known after apply)
      [32m+[0m[0m tags            = {
          [32m+[0m[0m "Name" = "devops-eks-eks-irsa"
        }
      [32m+[0m[0m tags_all        = {
          [32m+[0m[0m "Name" = "devops-eks-eks-irsa"
        }
      [32m+[0m[0m thumbprint_list = (known after apply)
      [32m+[0m[0m url             = (known after apply)
    }

[1m  # module.eks.aws_iam_policy.cluster_encryption[0][0m will be created
[0m  [32m+[0m[0m resource "aws_iam_policy" "cluster_encryption" {
      [32m+[0m[0m arn              = (known after apply)
      [32m+[0m[0m attachment_count = (known after apply)
      [32m+[0m[0m description      = "Cluster encryption policy to allow cluster role to utilize CMK provided"
      [32m+[0m[0m id               = (known after apply)
      [32m+[0m[0m name             = (known after apply)
      [32m+[0m[0m name_prefix      = "devops-eks-cluster-ClusterEncryption"
      [32m+[0m[0m path             = "/"
      [32m+[0m[0m policy           = (known after apply)
      [32m+[0m[0m policy_id        = (known after apply)
      [32m+[0m[0m tags_all         = (known after apply)
    }

[1m  # module.eks.aws_iam_role.this[0][0m will be created
[0m  [32m+[0m[0m resource "aws_iam_role" "this" {
      [32m+[0m[0m arn                   = (known after apply)
      [32m+[0m[0m assume_role_policy    = (known after apply)
      [32m+[0m[0m create_date           = (known after apply)
      [32m+[0m[0m force_detach_policies = true
      [32m+[0m[0m id                    = (known after apply)
      [32m+[0m[0m managed_policy_arns   = (known after apply)
      [32m+[0m[0m max_session_duration  = 3600
      [32m+[0m[0m name                  = (known after apply)
      [32m+[0m[0m name_prefix           = "devops-eks-cluster-"
      [32m+[0m[0m path                  = "/"
      [32m+[0m[0m tags_all              = (known after apply)
      [32m+[0m[0m unique_id             = (known after apply)

      [32m+[0m[0m inline_policy (known after apply)
    }

[1m  # module.eks.aws_iam_role_policy_attachment.cluster_encryption[0][0m will be created
[0m  [32m+[0m[0m resource "aws_iam_role_policy_attachment" "cluster_encryption" {
      [32m+[0m[0m id         = (known after apply)
      [32m+[0m[0m policy_arn = (known after apply)
      [32m+[0m[0m role       = (known after apply)
    }

[1m  # module.eks.aws_iam_role_policy_attachment.this["AmazonEKSClusterPolicy"][0m will be created
[0m  [32m+[0m[0m resource "aws_iam_role_policy_attachment" "this" {
      [32m+[0m[0m id         = (known after apply)
      [32m+[0m[0m policy_arn = (known after apply)
      [32m+[0m[0m role       = (known after apply)
    }

[1m  # module.eks.aws_iam_role_policy_attachment.this["AmazonEKSVPCResourceController"][0m will be created
[0m  [32m+[0m[0m resource "aws_iam_role_policy_attachment" "this" {
      [32m+[0m[0m id         = (known after apply)
      [32m+[0m[0m policy_arn = (known after apply)
      [32m+[0m[0m role       = (known after apply)
    }

[1m  # module.eks.aws_security_group.cluster[0][0m will be created
[0m  [32m+[0m[0m resource "aws_security_group" "cluster" {
      [32m+[0m[0m arn                    = (known after apply)
      [32m+[0m[0m description            = "EKS cluster security group"
      [32m+[0m[0m egress                 = (known after apply)
      [32m+[0m[0m id                     = (known after apply)
      [32m+[0m[0m ingress                = (known after apply)
      [32m+[0m[0m name                   = (known after apply)
      [32m+[0m[0m name_prefix            = "devops-eks-cluster-"
      [32m+[0m[0m owner_id               = (known after apply)
      [32m+[0m[0m revoke_rules_on_delete = false
      [32m+[0m[0m tags                   = {
          [32m+[0m[0m "Name" = "devops-eks-cluster"
        }
      [32m+[0m[0m tags_all               = {
          [32m+[0m[0m "Name" = "devops-eks-cluster"
        }
      [32m+[0m[0m vpc_id                 = (known after apply)
    }

[1m  # module.eks.aws_security_group.node[0][0m will be created
[0m  [32m+[0m[0m resource "aws_security_group" "node" {
      [32m+[0m[0m arn                    = (known after apply)
      [32m+[0m[0m description            = "EKS node shared security group"
      [32m+[0m[0m egress                 = (known after apply)
      [32m+[0m[0m id                     = (known after apply)
      [32m+[0m[0m ingress                = (known after apply)
      [32m+[0m[0m name                   = (known after apply)
      [32m+[0m[0m name_prefix            = "devops-eks-node-"
      [32m+[0m[0m owner_id               = (known after apply)
      [32m+[0m[0m revoke_rules_on_delete = false
      [32m+[0m[0m tags                   = {
          [32m+[0m[0m "Name"                             = "devops-eks-node"
          [32m+[0m[0m "kubernetes.io/cluster/devops-eks" = "owned"
        }
      [32m+[0m[0m tags_all               = {
          [32m+[0m[0m "Name"                             = "devops-eks-node"
          [32m+[0m[0m "kubernetes.io/cluster/devops-eks" = "owned"
        }
      [32m+[0m[0m vpc_id                 = (known after apply)
    }

[1m  # module.eks.aws_security_group_rule.cluster["ingress_nodes_443"][0m will be created
[0m  [32m+[0m[0m resource "aws_security_group_rule" "cluster" {
      [32m+[0m[0m description              = "Node groups to cluster API"
      [32m+[0m[0m from_port                = 443
      [32m+[0m[0m id                       = (known after apply)
      [32m+[0m[0m protocol                 = "tcp"
      [32m+[0m[0m security_group_id        = (known after apply)
      [32m+[0m[0m security_group_rule_id   = (known after apply)
      [32m+[0m[0m self                     = false
      [32m+[0m[0m source_security_group_id = (known after apply)
      [32m+[0m[0m to_port                  = 443
      [32m+[0m[0m type                     = "ingress"
    }

[1m  # module.eks.aws_security_group_rule.node["egress_all"][0m will be created
[0m  [32m+[0m[0m resource "aws_security_group_rule" "node" {
      [32m+[0m[0m cidr_blocks              = [
          [32m+[0m[0m "0.0.0.0/0",
        ]
      [32m+[0m[0m description              = "Allow all egress"
      [32m+[0m[0m from_port                = 0
      [32m+[0m[0m id                       = (known after apply)
      [32m+[0m[0m prefix_list_ids          = []
      [32m+[0m[0m protocol                 = "-1"
      [32m+[0m[0m security_group_id        = (known after apply)
      [32m+[0m[0m security_group_rule_id   = (known after apply)
      [32m+[0m[0m self                     = false
      [32m+[0m[0m source_security_group_id = (known after apply)
      [32m+[0m[0m to_port                  = 0
      [32m+[0m[0m type                     = "egress"
    }

[1m  # module.eks.aws_security_group_rule.node["ingress_cluster_443"][0m will be created
[0m  [32m+[0m[0m resource "aws_security_group_rule" "node" {
      [32m+[0m[0m description              = "Cluster API to node groups"
      [32m+[0m[0m from_port                = 443
      [32m+[0m[0m id                       = (known after apply)
      [32m+[0m[0m prefix_list_ids          = []
      [32m+[0m[0m protocol                 = "tcp"
      [32m+[0m[0m security_group_id        = (known after apply)
      [32m+[0m[0m security_group_rule_id   = (known after apply)
      [32m+[0m[0m self                     = false
      [32m+[0m[0m source_security_group_id = (known after apply)
      [32m+[0m[0m to_port                  = 443
      [32m+[0m[0m type                     = "ingress"
    }

[1m  # module.eks.aws_security_group_rule.node["ingress_cluster_4443_webhook"][0m will be created
[0m  [32m+[0m[0m resource "aws_security_group_rule" "node" {
      [32m+[0m[0m description              = "Cluster API to node 4443/tcp webhook"
      [32m+[0m[0m from_port                = 4443
      [32m+[0m[0m id                       = (known after apply)
      [32m+[0m[0m prefix_list_ids          = []
      [32m+[0m[0m protocol                 = "tcp"
      [32m+[0m[0m security_group_id        = (known after apply)
      [32m+[0m[0m security_group_rule_id   = (known after apply)
      [32m+[0m[0m self                     = false
      [32m+[0m[0m source_security_group_id = (known after apply)
      [32m+[0m[0m to_port                  = 4443
      [32m+[0m[0m type                     = "ingress"
    }

[1m  # module.eks.aws_security_group_rule.node["ingress_cluster_6443_webhook"][0m will be created
[0m  [32m+[0m[0m resource "aws_security_group_rule" "node" {
      [32m+[0m[0m description              = "Cluster API to node 6443/tcp webhook"
      [32m+[0m[0m from_port                = 6443
      [32m+[0m[0m id                       = (known after apply)
      [32m+[0m[0m prefix_list_ids          = []
      [32m+[0m[0m protocol                 = "tcp"
      [32m+[0m[0m security_group_id        = (known after apply)
      [32m+[0m[0m security_group_rule_id   = (known after apply)
      [32m+[0m[0m self                     = false
      [32m+[0m[0m source_security_group_id = (known after apply)
      [32m+[0m[0m to_port                  = 6443
      [32m+[0m[0m type                     = "ingress"
    }

[1m  # module.eks.aws_security_group_rule.node["ingress_cluster_8443_webhook"][0m will be created
[0m  [32m+[0m[0m resource "aws_security_group_rule" "node" {
      [32m+[0m[0m description              = "Cluster API to node 8443/tcp webhook"
      [32m+[0m[0m from_port                = 8443
      [32m+[0m[0m id                       = (known after apply)
      [32m+[0m[0m prefix_list_ids          = []
      [32m+[0m[0m protocol                 = "tcp"
      [32m+[0m[0m security_group_id        = (known after apply)
      [32m+[0m[0m security_group_rule_id   = (known after apply)
      [32m+[0m[0m self                     = false
      [32m+[0m[0m source_security_group_id = (known after apply)
      [32m+[0m[0m to_port                  = 8443
      [32m+[0m[0m type                     = "ingress"
    }

[1m  # module.eks.aws_security_group_rule.node["ingress_cluster_9443_webhook"][0m will be created
[0m  [32m+[0m[0m resource "aws_security_group_rule" "node" {
      [32m+[0m[0m description              = "Cluster API to node 9443/tcp webhook"
      [32m+[0m[0m from_port                = 9443
      [32m+[0m[0m id                       = (known after apply)
      [32m+[0m[0m prefix_list_ids          = []
      [32m+[0m[0m protocol                 = "tcp"
      [32m+[0m[0m security_group_id        = (known after apply)
      [32m+[0m[0m security_group_rule_id   = (known after apply)
      [32m+[0m[0m self                     = false
      [32m+[0m[0m source_security_group_id = (known after apply)
      [32m+[0m[0m to_port                  = 9443
      [32m+[0m[0m type                     = "ingress"
    }

[1m  # module.eks.aws_security_group_rule.node["ingress_cluster_kubelet"][0m will be created
[0m  [32m+[0m[0m resource "aws_security_group_rule" "node" {
      [32m+[0m[0m description              = "Cluster API to node kubelets"
      [32m+[0m[0m from_port                = 10250
      [32m+[0m[0m id                       = (known after apply)
      [32m+[0m[0m prefix_list_ids          = []
      [32m+[0m[0m protocol                 = "tcp"
      [32m+[0m[0m security_group_id        = (known after apply)
      [32m+[0m[0m security_group_rule_id   = (known after apply)
      [32m+[0m[0m self                     = false
      [32m+[0m[0m source_security_group_id = (known after apply)
      [32m+[0m[0m to_port                  = 10250
      [32m+[0m[0m type                     = "ingress"
    }

[1m  # module.eks.aws_security_group_rule.node["ingress_nodes_ephemeral"][0m will be created
[0m  [32m+[0m[0m resource "aws_security_group_rule" "node" {
      [32m+[0m[0m description              = "Node to node ingress on ephemeral ports"
      [32m+[0m[0m from_port                = 1025
      [32m+[0m[0m id                       = (known after apply)
      [32m+[0m[0m prefix_list_ids          = []
      [32m+[0m[0m protocol                 = "tcp"
      [32m+[0m[0m security_group_id        = (known after apply)
      [32m+[0m[0m security_group_rule_id   = (known after apply)
      [32m+[0m[0m self                     = true
      [32m+[0m[0m source_security_group_id = (known after apply)
      [32m+[0m[0m to_port                  = 65535
      [32m+[0m[0m type                     = "ingress"
    }

[1m  # module.eks.aws_security_group_rule.node["ingress_self_coredns_tcp"][0m will be created
[0m  [32m+[0m[0m resource "aws_security_group_rule" "node" {
      [32m+[0m[0m description              = "Node to node CoreDNS"
      [32m+[0m[0m from_port                = 53
      [32m+[0m[0m id                       = (known after apply)
      [32m+[0m[0m prefix_list_ids          = []
      [32m+[0m[0m protocol                 = "tcp"
      [32m+[0m[0m security_group_id        = (known after apply)
      [32m+[0m[0m security_group_rule_id   = (known after apply)
      [32m+[0m[0m self                     = true
      [32m+[0m[0m source_security_group_id = (known after apply)
      [32m+[0m[0m to_port                  = 53
      [32m+[0m[0m type                     = "ingress"
    }

[1m  # module.eks.aws_security_group_rule.node["ingress_self_coredns_udp"][0m will be created
[0m  [32m+[0m[0m resource "aws_security_group_rule" "node" {
      [32m+[0m[0m description              = "Node to node CoreDNS UDP"
      [32m+[0m[0m from_port                = 53
      [32m+[0m[0m id                       = (known after apply)
      [32m+[0m[0m prefix_list_ids          = []
      [32m+[0m[0m protocol                 = "udp"
      [32m+[0m[0m security_group_id        = (known after apply)
      [32m+[0m[0m security_group_rule_id   = (known after apply)
      [32m+[0m[0m self                     = true
      [32m+[0m[0m source_security_group_id = (known after apply)
      [32m+[0m[0m to_port                  = 53
      [32m+[0m[0m type                     = "ingress"
    }

[1m  # module.eks.time_sleep.this[0][0m will be created
[0m  [32m+[0m[0m resource "time_sleep" "this" {
      [32m+[0m[0m create_duration = "30s"
      [32m+[0m[0m id              = (known after apply)
      [32m+[0m[0m triggers        = {
          [32m+[0m[0m "cluster_certificate_authority_data" = (known after apply)
          [32m+[0m[0m "cluster_endpoint"                   = (known after apply)
          [32m+[0m[0m "cluster_name"                       = "devops-eks"
          [32m+[0m[0m "cluster_service_cidr"               = (known after apply)
          [32m+[0m[0m "cluster_version"                    = "1.30"
        }
    }

[1m  # module.vpc.aws_default_network_acl.this[0][0m will be created
[0m  [32m+[0m[0m resource "aws_default_network_acl" "this" {
      [32m+[0m[0m arn                    = (known after apply)
      [32m+[0m[0m default_network_acl_id = (known after apply)
      [32m+[0m[0m id                     = (known after apply)
      [32m+[0m[0m owner_id               = (known after apply)
      [32m+[0m[0m tags                   = {
          [32m+[0m[0m "Name" = "eks-vpc-default"
        }
      [32m+[0m[0m tags_all               = {
          [32m+[0m[0m "Name" = "eks-vpc-default"
        }
      [32m+[0m[0m vpc_id                 = (known after apply)

      [32m+[0m[0m egress {
          [32m+[0m[0m action          = "allow"
          [32m+[0m[0m from_port       = 0
          [32m+[0m[0m ipv6_cidr_block = "::/0"
          [32m+[0m[0m protocol        = "-1"
          [32m+[0m[0m rule_no         = 101
          [32m+[0m[0m to_port         = 0
            [90m# (1 unchanged attribute hidden)[0m[0m
        }
      [32m+[0m[0m egress {
          [32m+[0m[0m action          = "allow"
          [32m+[0m[0m cidr_block      = "0.0.0.0/0"
          [32m+[0m[0m from_port       = 0
          [32m+[0m[0m protocol        = "-1"
          [32m+[0m[0m rule_no         = 100
          [32m+[0m[0m to_port         = 0
            [90m# (1 unchanged attribute hidden)[0m[0m
        }

      [32m+[0m[0m ingress {
          [32m+[0m[0m action          = "allow"
          [32m+[0m[0m from_port       = 0
          [32m+[0m[0m ipv6_cidr_block = "::/0"
          [32m+[0m[0m protocol        = "-1"
          [32m+[0m[0m rule_no         = 101
          [32m+[0m[0m to_port         = 0
            [90m# (1 unchanged attribute hidden)[0m[0m
        }
      [32m+[0m[0m ingress {
          [32m+[0m[0m action          = "allow"
          [32m+[0m[0m cidr_block      = "0.0.0.0/0"
          [32m+[0m[0m from_port       = 0
          [32m+[0m[0m protocol        = "-1"
          [32m+[0m[0m rule_no         = 100
          [32m+[0m[0m to_port         = 0
            [90m# (1 unchanged attribute hidden)[0m[0m
        }
    }

[1m  # module.vpc.aws_default_route_table.default[0][0m will be created
[0m  [32m+[0m[0m resource "aws_default_route_table" "default" {
      [32m+[0m[0m arn                    = (known after apply)
      [32m+[0m[0m default_route_table_id = (known after apply)
      [32m+[0m[0m id                     = (known after apply)
      [32m+[0m[0m owner_id               = (known after apply)
      [32m+[0m[0m route                  = (known after apply)
      [32m+[0m[0m tags                   = {
          [32m+[0m[0m "Name" = "eks-vpc-default"
        }
      [32m+[0m[0m tags_all               = {
          [32m+[0m[0m "Name" = "eks-vpc-default"
        }
      [32m+[0m[0m vpc_id                 = (known after apply)

      [32m+[0m[0m timeouts {
          [32m+[0m[0m create = "5m"
          [32m+[0m[0m update = "5m"
        }
    }

[1m  # module.vpc.aws_default_security_group.this[0][0m will be created
[0m  [32m+[0m[0m resource "aws_default_security_group" "this" {
      [32m+[0m[0m arn                    = (known after apply)
      [32m+[0m[0m description            = (known after apply)
      [32m+[0m[0m egress                 = (known after apply)
      [32m+[0m[0m id                     = (known after apply)
      [32m+[0m[0m ingress                = (known after apply)
      [32m+[0m[0m name                   = (known after apply)
      [32m+[0m[0m name_prefix            = (known after apply)
      [32m+[0m[0m owner_id               = (known after apply)
      [32m+[0m[0m revoke_rules_on_delete = false
      [32m+[0m[0m tags                   = {
          [32m+[0m[0m "Name" = "eks-vpc-default"
        }
      [32m+[0m[0m tags_all               = {
          [32m+[0m[0m "Name" = "eks-vpc-default"
        }
      [32m+[0m[0m vpc_id                 = (known after apply)
    }

[1m  # module.vpc.aws_eip.nat[0][0m will be created
[0m  [32m+[0m[0m resource "aws_eip" "nat" {
      [32m+[0m[0m allocation_id        = (known after apply)
      [32m+[0m[0m arn                  = (known after apply)
      [32m+[0m[0m association_id       = (known after apply)
      [32m+[0m[0m carrier_ip           = (known after apply)
      [32m+[0m[0m customer_owned_ip    = (known after apply)
      [32m+[0m[0m domain               = "vpc"
      [32m+[0m[0m id                   = (known after apply)
      [32m+[0m[0m instance             = (known after apply)
      [32m+[0m[0m network_border_group = (known after apply)
      [32m+[0m[0m network_interface    = (known after apply)
      [32m+[0m[0m private_dns          = (known after apply)
      [32m+[0m[0m private_ip           = (known after apply)
      [32m+[0m[0m ptr_record           = (known after apply)
      [32m+[0m[0m public_dns           = (known after apply)
      [32m+[0m[0m public_ip            = (known after apply)
      [32m+[0m[0m public_ipv4_pool     = (known after apply)
      [32m+[0m[0m tags                 = {
          [32m+[0m[0m "Name" = "eks-vpc-ap-southeast-1a"
        }
      [32m+[0m[0m tags_all             = {
          [32m+[0m[0m "Name" = "eks-vpc-ap-southeast-1a"
        }
      [32m+[0m[0m vpc                  = (known after apply)
    }

[1m  # module.vpc.aws_eip.nat[1][0m will be created
[0m  [32m+[0m[0m resource "aws_eip" "nat" {
      [32m+[0m[0m allocation_id        = (known after apply)
      [32m+[0m[0m arn                  = (known after apply)
      [32m+[0m[0m association_id       = (known after apply)
      [32m+[0m[0m carrier_ip           = (known after apply)
      [32m+[0m[0m customer_owned_ip    = (known after apply)
      [32m+[0m[0m domain               = "vpc"
      [32m+[0m[0m id                   = (known after apply)
      [32m+[0m[0m instance             = (known after apply)
      [32m+[0m[0m network_border_group = (known after apply)
      [32m+[0m[0m network_interface    = (known after apply)
      [32m+[0m[0m private_dns          = (known after apply)
      [32m+[0m[0m private_ip           = (known after apply)
      [32m+[0m[0m ptr_record           = (known after apply)
      [32m+[0m[0m public_dns           = (known after apply)
      [32m+[0m[0m public_ip            = (known after apply)
      [32m+[0m[0m public_ipv4_pool     = (known after apply)
      [32m+[0m[0m tags                 = {
          [32m+[0m[0m "Name" = "eks-vpc-ap-southeast-1b"
        }
      [32m+[0m[0m tags_all             = {
          [32m+[0m[0m "Name" = "eks-vpc-ap-southeast-1b"
        }
      [32m+[0m[0m vpc                  = (known after apply)
    }

[1m  # module.vpc.aws_eip.nat[2][0m will be created
[0m  [32m+[0m[0m resource "aws_eip" "nat" {
      [32m+[0m[0m allocation_id        = (known after apply)
      [32m+[0m[0m arn                  = (known after apply)
      [32m+[0m[0m association_id       = (known after apply)
      [32m+[0m[0m carrier_ip           = (known after apply)
      [32m+[0m[0m customer_owned_ip    = (known after apply)
      [32m+[0m[0m domain               = "vpc"
      [32m+[0m[0m id                   = (known after apply)
      [32m+[0m[0m instance             = (known after apply)
      [32m+[0m[0m network_border_group = (known after apply)
      [32m+[0m[0m network_interface    = (known after apply)
      [32m+[0m[0m private_dns          = (known after apply)
      [32m+[0m[0m private_ip           = (known after apply)
      [32m+[0m[0m ptr_record           = (known after apply)
      [32m+[0m[0m public_dns           = (known after apply)
      [32m+[0m[0m public_ip            = (known after apply)
      [32m+[0m[0m public_ipv4_pool     = (known after apply)
      [32m+[0m[0m tags                 = {
          [32m+[0m[0m "Name" = "eks-vpc-ap-southeast-1c"
        }
      [32m+[0m[0m tags_all             = {
          [32m+[0m[0m "Name" = "eks-vpc-ap-southeast-1c"
        }
      [32m+[0m[0m vpc                  = (known after apply)
    }

[1m  # module.vpc.aws_internet_gateway.this[0][0m will be created
[0m  [32m+[0m[0m resource "aws_internet_gateway" "this" {
      [32m+[0m[0m arn      = (known after apply)
      [32m+[0m[0m id       = (known after apply)
      [32m+[0m[0m owner_id = (known after apply)
      [32m+[0m[0m tags     = {
          [32m+[0m[0m "Name" = "eks-vpc"
        }
      [32m+[0m[0m tags_all = {
          [32m+[0m[0m "Name" = "eks-vpc"
        }
      [32m+[0m[0m vpc_id   = (known after apply)
    }

[1m  # module.vpc.aws_nat_gateway.this[0][0m will be created
[0m  [32m+[0m[0m resource "aws_nat_gateway" "this" {
      [32m+[0m[0m allocation_id                      = (known after apply)
      [32m+[0m[0m association_id                     = (known after apply)
      [32m+[0m[0m connectivity_type                  = "public"
      [32m+[0m[0m id                                 = (known after apply)
      [32m+[0m[0m network_interface_id               = (known after apply)
      [32m+[0m[0m private_ip                         = (known after apply)
      [32m+[0m[0m public_ip                          = (known after apply)
      [32m+[0m[0m secondary_private_ip_address_count = (known after apply)
      [32m+[0m[0m secondary_private_ip_addresses     = (known after apply)
      [32m+[0m[0m subnet_id                          = (known after apply)
      [32m+[0m[0m tags                               = {
          [32m+[0m[0m "Name" = "eks-vpc-ap-southeast-1a"
        }
      [32m+[0m[0m tags_all                           = {
          [32m+[0m[0m "Name" = "eks-vpc-ap-southeast-1a"
        }
    }

[1m  # module.vpc.aws_nat_gateway.this[1][0m will be created
[0m  [32m+[0m[0m resource "aws_nat_gateway" "this" {
      [32m+[0m[0m allocation_id                      = (known after apply)
      [32m+[0m[0m association_id                     = (known after apply)
      [32m+[0m[0m connectivity_type                  = "public"
      [32m+[0m[0m id                                 = (known after apply)
      [32m+[0m[0m network_interface_id               = (known after apply)
      [32m+[0m[0m private_ip                         = (known after apply)
      [32m+[0m[0m public_ip                          = (known after apply)
      [32m+[0m[0m secondary_private_ip_address_count = (known after apply)
      [32m+[0m[0m secondary_private_ip_addresses     = (known after apply)
      [32m+[0m[0m subnet_id                          = (known after apply)
      [32m+[0m[0m tags                               = {
          [32m+[0m[0m "Name" = "eks-vpc-ap-southeast-1b"
        }
      [32m+[0m[0m tags_all                           = {
          [32m+[0m[0m "Name" = "eks-vpc-ap-southeast-1b"
        }
    }

[1m  # module.vpc.aws_nat_gateway.this[2][0m will be created
[0m  [32m+[0m[0m resource "aws_nat_gateway" "this" {
      [32m+[0m[0m allocation_id                      = (known after apply)
      [32m+[0m[0m association_id                     = (known after apply)
      [32m+[0m[0m connectivity_type                  = "public"
      [32m+[0m[0m id                                 = (known after apply)
      [32m+[0m[0m network_interface_id               = (known after apply)
      [32m+[0m[0m private_ip                         = (known after apply)
      [32m+[0m[0m public_ip                          = (known after apply)
      [32m+[0m[0m secondary_private_ip_address_count = (known after apply)
      [32m+[0m[0m secondary_private_ip_addresses     = (known after apply)
      [32m+[0m[0m subnet_id                          = (known after apply)
      [32m+[0m[0m tags                               = {
          [32m+[0m[0m "Name" = "eks-vpc-ap-southeast-1c"
        }
      [32m+[0m[0m tags_all                           = {
          [32m+[0m[0m "Name" = "eks-vpc-ap-southeast-1c"
        }
    }

[1m  # module.vpc.aws_route.private_nat_gateway[0][0m will be created
[0m  [32m+[0m[0m resource "aws_route" "private_nat_gateway" {
      [32m+[0m[0m destination_cidr_block = "0.0.0.0/0"
      [32m+[0m[0m id                     = (known after apply)
      [32m+[0m[0m instance_id            = (known after apply)
      [32m+[0m[0m instance_owner_id      = (known after apply)
      [32m+[0m[0m nat_gateway_id         = (known after apply)
      [32m+[0m[0m network_interface_id   = (known after apply)
      [32m+[0m[0m origin                 = (known after apply)
      [32m+[0m[0m route_table_id         = (known after apply)
      [32m+[0m[0m state                  = (known after apply)

      [32m+[0m[0m timeouts {
          [32m+[0m[0m create = "5m"
        }
    }

[1m  # module.vpc.aws_route.private_nat_gateway[1][0m will be created
[0m  [32m+[0m[0m resource "aws_route" "private_nat_gateway" {
      [32m+[0m[0m destination_cidr_block = "0.0.0.0/0"
      [32m+[0m[0m id                     = (known after apply)
      [32m+[0m[0m instance_id            = (known after apply)
      [32m+[0m[0m instance_owner_id      = (known after apply)
      [32m+[0m[0m nat_gateway_id         = (known after apply)
      [32m+[0m[0m network_interface_id   = (known after apply)
      [32m+[0m[0m origin                 = (known after apply)
      [32m+[0m[0m route_table_id         = (known after apply)
      [32m+[0m[0m state                  = (known after apply)

      [32m+[0m[0m timeouts {
          [32m+[0m[0m create = "5m"
        }
    }

[1m  # module.vpc.aws_route.private_nat_gateway[2][0m will be created
[0m  [32m+[0m[0m resource "aws_route" "private_nat_gateway" {
      [32m+[0m[0m destination_cidr_block = "0.0.0.0/0"
      [32m+[0m[0m id                     = (known after apply)
      [32m+[0m[0m instance_id            = (known after apply)
      [32m+[0m[0m instance_owner_id      = (known after apply)
      [32m+[0m[0m nat_gateway_id         = (known after apply)
      [32m+[0m[0m network_interface_id   = (known after apply)
      [32m+[0m[0m origin                 = (known after apply)
      [32m+[0m[0m route_table_id         = (known after apply)
      [32m+[0m[0m state                  = (known after apply)

      [32m+[0m[0m timeouts {
          [32m+[0m[0m create = "5m"
        }
    }

[1m  # module.vpc.aws_route.public_internet_gateway[0][0m will be created
[0m  [32m+[0m[0m resource "aws_route" "public_internet_gateway" {
      [32m+[0m[0m destination_cidr_block = "0.0.0.0/0"
      [32m+[0m[0m gateway_id             = (known after apply)
      [32m+[0m[0m id                     = (known after apply)
      [32m+[0m[0m instance_id            = (known after apply)
      [32m+[0m[0m instance_owner_id      = (known after apply)
      [32m+[0m[0m network_interface_id   = (known after apply)
      [32m+[0m[0m origin                 = (known after apply)
      [32m+[0m[0m route_table_id         = (known after apply)
      [32m+[0m[0m state                  = (known after apply)

      [32m+[0m[0m timeouts {
          [32m+[0m[0m create = "5m"
        }
    }

[1m  # module.vpc.aws_route_table.private[0][0m will be created
[0m  [32m+[0m[0m resource "aws_route_table" "private" {
      [32m+[0m[0m arn              = (known after apply)
      [32m+[0m[0m id               = (known after apply)
      [32m+[0m[0m owner_id         = (known after apply)
      [32m+[0m[0m propagating_vgws = (known after apply)
      [32m+[0m[0m route            = (known after apply)
      [32m+[0m[0m tags             = {
          [32m+[0m[0m "Name" = "eks-vpc-private-ap-southeast-1a"
        }
      [32m+[0m[0m tags_all         = {
          [32m+[0m[0m "Name" = "eks-vpc-private-ap-southeast-1a"
        }
      [32m+[0m[0m vpc_id           = (known after apply)
    }

[1m  # module.vpc.aws_route_table.private[1][0m will be created
[0m  [32m+[0m[0m resource "aws_route_table" "private" {
      [32m+[0m[0m arn              = (known after apply)
      [32m+[0m[0m id               = (known after apply)
      [32m+[0m[0m owner_id         = (known after apply)
      [32m+[0m[0m propagating_vgws = (known after apply)
      [32m+[0m[0m route            = (known after apply)
      [32m+[0m[0m tags             = {
          [32m+[0m[0m "Name" = "eks-vpc-private-ap-southeast-1b"
        }
      [32m+[0m[0m tags_all         = {
          [32m+[0m[0m "Name" = "eks-vpc-private-ap-southeast-1b"
        }
      [32m+[0m[0m vpc_id           = (known after apply)
    }

[1m  # module.vpc.aws_route_table.private[2][0m will be created
[0m  [32m+[0m[0m resource "aws_route_table" "private" {
      [32m+[0m[0m arn              = (known after apply)
      [32m+[0m[0m id               = (known after apply)
      [32m+[0m[0m owner_id         = (known after apply)
      [32m+[0m[0m propagating_vgws = (known after apply)
      [32m+[0m[0m route            = (known after apply)
      [32m+[0m[0m tags             = {
          [32m+[0m[0m "Name" = "eks-vpc-private-ap-southeast-1c"
        }
      [32m+[0m[0m tags_all         = {
          [32m+[0m[0m "Name" = "eks-vpc-private-ap-southeast-1c"
        }
      [32m+[0m[0m vpc_id           = (known after apply)
    }

[1m  # module.vpc.aws_route_table.public[0][0m will be created
[0m  [32m+[0m[0m resource "aws_route_table" "public" {
      [32m+[0m[0m arn              = (known after apply)
      [32m+[0m[0m id               = (known after apply)
      [32m+[0m[0m owner_id         = (known after apply)
      [32m+[0m[0m propagating_vgws = (known after apply)
      [32m+[0m[0m route            = (known after apply)
      [32m+[0m[0m tags             = {
          [32m+[0m[0m "Name" = "eks-vpc-public"
        }
      [32m+[0m[0m tags_all         = {
          [32m+[0m[0m "Name" = "eks-vpc-public"
        }
      [32m+[0m[0m vpc_id           = (known after apply)
    }

[1m  # module.vpc.aws_route_table_association.private[0][0m will be created
[0m  [32m+[0m[0m resource "aws_route_table_association" "private" {
      [32m+[0m[0m id             = (known after apply)
      [32m+[0m[0m route_table_id = (known after apply)
      [32m+[0m[0m subnet_id      = (known after apply)
    }

[1m  # module.vpc.aws_route_table_association.private[1][0m will be created
[0m  [32m+[0m[0m resource "aws_route_table_association" "private" {
      [32m+[0m[0m id             = (known after apply)
      [32m+[0m[0m route_table_id = (known after apply)
      [32m+[0m[0m subnet_id      = (known after apply)
    }

[1m  # module.vpc.aws_route_table_association.private[2][0m will be created
[0m  [32m+[0m[0m resource "aws_route_table_association" "private" {
      [32m+[0m[0m id             = (known after apply)
      [32m+[0m[0m route_table_id = (known after apply)
      [32m+[0m[0m subnet_id      = (known after apply)
    }

[1m  # module.vpc.aws_route_table_association.public[0][0m will be created
[0m  [32m+[0m[0m resource "aws_route_table_association" "public" {
      [32m+[0m[0m id             = (known after apply)
      [32m+[0m[0m route_table_id = (known after apply)
      [32m+[0m[0m subnet_id      = (known after apply)
    }

[1m  # module.vpc.aws_route_table_association.public[1][0m will be created
[0m  [32m+[0m[0m resource "aws_route_table_association" "public" {
      [32m+[0m[0m id             = (known after apply)
      [32m+[0m[0m route_table_id = (known after apply)
      [32m+[0m[0m subnet_id      = (known after apply)
    }

[1m  # module.vpc.aws_route_table_association.public[2][0m will be created
[0m  [32m+[0m[0m resource "aws_route_table_association" "public" {
      [32m+[0m[0m id             = (known after apply)
      [32m+[0m[0m route_table_id = (known after apply)
      [32m+[0m[0m subnet_id      = (known after apply)
    }

[1m  # module.vpc.aws_subnet.private[0][0m will be created
[0m  [32m+[0m[0m resource "aws_subnet" "private" {
      [32m+[0m[0m arn                                            = (known after apply)
      [32m+[0m[0m assign_ipv6_address_on_creation                = false
      [32m+[0m[0m availability_zone                              = "ap-southeast-1a"
      [32m+[0m[0m availability_zone_id                           = (known after apply)
      [32m+[0m[0m cidr_block                                     = "10.0.101.0/24"
      [32m+[0m[0m enable_dns64                                   = false
      [32m+[0m[0m enable_resource_name_dns_a_record_on_launch    = false
      [32m+[0m[0m enable_resource_name_dns_aaaa_record_on_launch = false
      [32m+[0m[0m id                                             = (known after apply)
      [32m+[0m[0m ipv6_cidr_block_association_id                 = (known after apply)
      [32m+[0m[0m ipv6_native                                    = false
      [32m+[0m[0m map_public_ip_on_launch                        = false
      [32m+[0m[0m owner_id                                       = (known after apply)
      [32m+[0m[0m private_dns_hostname_type_on_launch            = (known after apply)
      [32m+[0m[0m tags                                           = {
          [32m+[0m[0m "Name" = "eks-vpc-private-ap-southeast-1a"
        }
      [32m+[0m[0m tags_all                                       = {
          [32m+[0m[0m "Name" = "eks-vpc-private-ap-southeast-1a"
        }
      [32m+[0m[0m vpc_id                                         = (known after apply)
    }

[1m  # module.vpc.aws_subnet.private[1][0m will be created
[0m  [32m+[0m[0m resource "aws_subnet" "private" {
      [32m+[0m[0m arn                                            = (known after apply)
      [32m+[0m[0m assign_ipv6_address_on_creation                = false
      [32m+[0m[0m availability_zone                              = "ap-southeast-1b"
      [32m+[0m[0m availability_zone_id                           = (known after apply)
      [32m+[0m[0m cidr_block                                     = "10.0.102.0/24"
      [32m+[0m[0m enable_dns64                                   = false
      [32m+[0m[0m enable_resource_name_dns_a_record_on_launch    = false
      [32m+[0m[0m enable_resource_name_dns_aaaa_record_on_launch = false
      [32m+[0m[0m id                                             = (known after apply)
      [32m+[0m[0m ipv6_cidr_block_association_id                 = (known after apply)
      [32m+[0m[0m ipv6_native                                    = false
      [32m+[0m[0m map_public_ip_on_launch                        = false
      [32m+[0m[0m owner_id                                       = (known after apply)
      [32m+[0m[0m private_dns_hostname_type_on_launch            = (known after apply)
      [32m+[0m[0m tags                                           = {
          [32m+[0m[0m "Name" = "eks-vpc-private-ap-southeast-1b"
        }
      [32m+[0m[0m tags_all                                       = {
          [32m+[0m[0m "Name" = "eks-vpc-private-ap-southeast-1b"
        }
      [32m+[0m[0m vpc_id                                         = (known after apply)
    }

[1m  # module.vpc.aws_subnet.private[2][0m will be created
[0m  [32m+[0m[0m resource "aws_subnet" "private" {
      [32m+[0m[0m arn                                            = (known after apply)
      [32m+[0m[0m assign_ipv6_address_on_creation                = false
      [32m+[0m[0m availability_zone                              = "ap-southeast-1c"
      [32m+[0m[0m availability_zone_id                           = (known after apply)
      [32m+[0m[0m cidr_block                                     = "10.0.103.0/24"
      [32m+[0m[0m enable_dns64                                   = false
      [32m+[0m[0m enable_resource_name_dns_a_record_on_launch    = false
      [32m+[0m[0m enable_resource_name_dns_aaaa_record_on_launch = false
      [32m+[0m[0m id                                             = (known after apply)
      [32m+[0m[0m ipv6_cidr_block_association_id                 = (known after apply)
      [32m+[0m[0m ipv6_native                                    = false
      [32m+[0m[0m map_public_ip_on_launch                        = false
      [32m+[0m[0m owner_id                                       = (known after apply)
      [32m+[0m[0m private_dns_hostname_type_on_launch            = (known after apply)
      [32m+[0m[0m tags                                           = {
          [32m+[0m[0m "Name" = "eks-vpc-private-ap-southeast-1c"
        }
      [32m+[0m[0m tags_all                                       = {
          [32m+[0m[0m "Name" = "eks-vpc-private-ap-southeast-1c"
        }
      [32m+[0m[0m vpc_id                                         = (known after apply)
    }

[1m  # module.vpc.aws_subnet.public[0][0m will be created
[0m  [32m+[0m[0m resource "aws_subnet" "public" {
      [32m+[0m[0m arn                                            = (known after apply)
      [32m+[0m[0m assign_ipv6_address_on_creation                = false
      [32m+[0m[0m availability_zone                              = "ap-southeast-1a"
      [32m+[0m[0m availability_zone_id                           = (known after apply)
      [32m+[0m[0m cidr_block                                     = "10.0.1.0/24"
      [32m+[0m[0m enable_dns64                                   = false
      [32m+[0m[0m enable_resource_name_dns_a_record_on_launch    = false
      [32m+[0m[0m enable_resource_name_dns_aaaa_record_on_launch = false
      [32m+[0m[0m id                                             = (known after apply)
      [32m+[0m[0m ipv6_cidr_block_association_id                 = (known after apply)
      [32m+[0m[0m ipv6_native                                    = false
      [32m+[0m[0m map_public_ip_on_launch                        = false
      [32m+[0m[0m owner_id                                       = (known after apply)
      [32m+[0m[0m private_dns_hostname_type_on_launch            = (known after apply)
      [32m+[0m[0m tags                                           = {
          [32m+[0m[0m "Name" = "eks-vpc-public-ap-southeast-1a"
        }
      [32m+[0m[0m tags_all                                       = {
          [32m+[0m[0m "Name" = "eks-vpc-public-ap-southeast-1a"
        }
      [32m+[0m[0m vpc_id                                         = (known after apply)
    }

[1m  # module.vpc.aws_subnet.public[1][0m will be created
[0m  [32m+[0m[0m resource "aws_subnet" "public" {
      [32m+[0m[0m arn                                            = (known after apply)
      [32m+[0m[0m assign_ipv6_address_on_creation                = false
      [32m+[0m[0m availability_zone                              = "ap-southeast-1b"
      [32m+[0m[0m availability_zone_id                           = (known after apply)
      [32m+[0m[0m cidr_block                                     = "10.0.2.0/24"
      [32m+[0m[0m enable_dns64                                   = false
      [32m+[0m[0m enable_resource_name_dns_a_record_on_launch    = false
      [32m+[0m[0m enable_resource_name_dns_aaaa_record_on_launch = false
      [32m+[0m[0m id                                             = (known after apply)
      [32m+[0m[0m ipv6_cidr_block_association_id                 = (known after apply)
      [32m+[0m[0m ipv6_native                                    = false
      [32m+[0m[0m map_public_ip_on_launch                        = false
      [32m+[0m[0m owner_id                                       = (known after apply)
      [32m+[0m[0m private_dns_hostname_type_on_launch            = (known after apply)
      [32m+[0m[0m tags                                           = {
          [32m+[0m[0m "Name" = "eks-vpc-public-ap-southeast-1b"
        }
      [32m+[0m[0m tags_all                                       = {
          [32m+[0m[0m "Name" = "eks-vpc-public-ap-southeast-1b"
        }
      [32m+[0m[0m vpc_id                                         = (known after apply)
    }

[1m  # module.vpc.aws_subnet.public[2][0m will be created
[0m  [32m+[0m[0m resource "aws_subnet" "public" {
      [32m+[0m[0m arn                                            = (known after apply)
      [32m+[0m[0m assign_ipv6_address_on_creation                = false
      [32m+[0m[0m availability_zone                              = "ap-southeast-1c"
      [32m+[0m[0m availability_zone_id                           = (known after apply)
      [32m+[0m[0m cidr_block                                     = "10.0.3.0/24"
      [32m+[0m[0m enable_dns64                                   = false
      [32m+[0m[0m enable_resource_name_dns_a_record_on_launch    = false
      [32m+[0m[0m enable_resource_name_dns_aaaa_record_on_launch = false
      [32m+[0m[0m id                                             = (known after apply)
      [32m+[0m[0m ipv6_cidr_block_association_id                 = (known after apply)
      [32m+[0m[0m ipv6_native                                    = false
      [32m+[0m[0m map_public_ip_on_launch                        = false
      [32m+[0m[0m owner_id                                       = (known after apply)
      [32m+[0m[0m private_dns_hostname_type_on_launch            = (known after apply)
      [32m+[0m[0m tags                                           = {
          [32m+[0m[0m "Name" = "eks-vpc-public-ap-southeast-1c"
        }
      [32m+[0m[0m tags_all                                       = {
          [32m+[0m[0m "Name" = "eks-vpc-public-ap-southeast-1c"
        }
      [32m+[0m[0m vpc_id                                         = (known after apply)
    }

[1m  # module.vpc.aws_vpc.this[0][0m will be created
[0m  [32m+[0m[0m resource "aws_vpc" "this" {
      [32m+[0m[0m arn                                  = (known after apply)
      [32m+[0m[0m cidr_block                           = "10.0.0.0/16"
      [32m+[0m[0m default_network_acl_id               = (known after apply)
      [32m+[0m[0m default_route_table_id               = (known after apply)
      [32m+[0m[0m default_security_group_id            = (known after apply)
      [32m+[0m[0m dhcp_options_id                      = (known after apply)
      [32m+[0m[0m enable_dns_hostnames                 = true
      [32m+[0m[0m enable_dns_support                   = true
      [32m+[0m[0m enable_network_address_usage_metrics = (known after apply)
      [32m+[0m[0m id                                   = (known after apply)
      [32m+[0m[0m instance_tenancy                     = "default"
      [32m+[0m[0m ipv6_association_id                  = (known after apply)
      [32m+[0m[0m ipv6_cidr_block                      = (known after apply)
      [32m+[0m[0m ipv6_cidr_block_network_border_group = (known after apply)
      [32m+[0m[0m main_route_table_id                  = (known after apply)
      [32m+[0m[0m owner_id                             = (known after apply)
      [32m+[0m[0m tags                                 = {
          [32m+[0m[0m "Name" = "eks-vpc"
        }
      [32m+[0m[0m tags_all                             = {
          [32m+[0m[0m "Name" = "eks-vpc"
        }
    }

[1m  # module.vpc.aws_vpn_gateway.this[0][0m will be created
[0m  [32m+[0m[0m resource "aws_vpn_gateway" "this" {
      [32m+[0m[0m amazon_side_asn = "64512"
      [32m+[0m[0m arn             = (known after apply)
      [32m+[0m[0m id              = (known after apply)
      [32m+[0m[0m tags            = {
          [32m+[0m[0m "Name" = "eks-vpc"
        }
      [32m+[0m[0m tags_all        = {
          [32m+[0m[0m "Name" = "eks-vpc"
        }
      [32m+[0m[0m vpc_id          = (known after apply)
    }

[1m  # module.eks.module.kms.data.aws_caller_identity.current[0][0m will be read during apply
  # (depends on a resource or a module with changes pending)
[0m [36m<=[0m[0m data "aws_caller_identity" "current" {
      [32m+[0m[0m account_id = (known after apply)
      [32m+[0m[0m arn        = (known after apply)
      [32m+[0m[0m id         = (known after apply)
      [32m+[0m[0m user_id    = (known after apply)
    }

[1m  # module.eks.module.kms.data.aws_iam_policy_document.this[0][0m will be read during apply
  # (config refers to values not yet known)
[0m [36m<=[0m[0m data "aws_iam_policy_document" "this" {
      [32m+[0m[0m id                        = (known after apply)
      [32m+[0m[0m json                      = (known after apply)
      [32m+[0m[0m minified_json             = (known after apply)
      [32m+[0m[0m override_policy_documents = []
      [32m+[0m[0m source_policy_documents   = []

      [32m+[0m[0m statement {
          [32m+[0m[0m actions   = [
              [32m+[0m[0m "kms:*",
            ]
          [32m+[0m[0m resources = [
              [32m+[0m[0m "*",
            ]
          [32m+[0m[0m sid       = "Default"

          [32m+[0m[0m principals {
              [32m+[0m[0m identifiers = [
                  [32m+[0m[0m (known after apply),
                ]
              [32m+[0m[0m type        = "AWS"
            }
        }
      [32m+[0m[0m statement {
          [32m+[0m[0m actions   = [
              [32m+[0m[0m "kms:CancelKeyDeletion",
              [32m+[0m[0m "kms:Create*",
              [32m+[0m[0m "kms:Delete*",
              [32m+[0m[0m "kms:Describe*",
              [32m+[0m[0m "kms:Disable*",
              [32m+[0m[0m "kms:Enable*",
              [32m+[0m[0m "kms:Get*",
              [32m+[0m[0m "kms:ImportKeyMaterial",
              [32m+[0m[0m "kms:List*",
              [32m+[0m[0m "kms:Put*",
              [32m+[0m[0m "kms:ReplicateKey",
              [32m+[0m[0m "kms:Revoke*",
              [32m+[0m[0m "kms:ScheduleKeyDeletion",
              [32m+[0m[0m "kms:TagResource",
              [32m+[0m[0m "kms:UntagResource",
              [32m+[0m[0m "kms:Update*",
            ]
          [32m+[0m[0m resources = [
              [32m+[0m[0m "*",
            ]
          [32m+[0m[0m sid       = "KeyAdministration"

          [32m+[0m[0m principals {
              [32m+[0m[0m identifiers = [
                  [32m+[0m[0m (known after apply),
                ]
              [32m+[0m[0m type        = "AWS"
            }
        }
      [32m+[0m[0m statement {
          [32m+[0m[0m actions   = [
              [32m+[0m[0m "kms:Decrypt",
              [32m+[0m[0m "kms:DescribeKey",
              [32m+[0m[0m "kms:Encrypt",
              [32m+[0m[0m "kms:GenerateDataKey*",
              [32m+[0m[0m "kms:ReEncrypt*",
            ]
          [32m+[0m[0m resources = [
              [32m+[0m[0m "*",
            ]
          [32m+[0m[0m sid       = "KeyUsage"

          [32m+[0m[0m principals {
              [32m+[0m[0m identifiers = [
                  [32m+[0m[0m (known after apply),
                ]
              [32m+[0m[0m type        = "AWS"
            }
        }
    }

[1m  # module.eks.module.kms.data.aws_partition.current[0][0m will be read during apply
  # (depends on a resource or a module with changes pending)
[0m [36m<=[0m[0m data "aws_partition" "current" {
      [32m+[0m[0m dns_suffix         = (known after apply)
      [32m+[0m[0m id                 = (known after apply)
      [32m+[0m[0m partition          = (known after apply)
      [32m+[0m[0m reverse_dns_prefix = (known after apply)
    }

[1m  # module.eks.module.kms.aws_kms_alias.this["cluster"][0m will be created
[0m  [32m+[0m[0m resource "aws_kms_alias" "this" {
      [32m+[0m[0m arn            = (known after apply)
      [32m+[0m[0m id             = (known after apply)
      [32m+[0m[0m name           = "alias/eks/devops-eks"
      [32m+[0m[0m name_prefix    = (known after apply)
      [32m+[0m[0m target_key_arn = (known after apply)
      [32m+[0m[0m target_key_id  = (known after apply)
    }

[1m  # module.eks.module.kms.aws_kms_key.this[0][0m will be created
[0m  [32m+[0m[0m resource "aws_kms_key" "this" {
      [32m+[0m[0m arn                                = (known after apply)
      [32m+[0m[0m bypass_policy_lockout_safety_check = false
      [32m+[0m[0m customer_master_key_spec           = "SYMMETRIC_DEFAULT"
      [32m+[0m[0m description                        = "devops-eks cluster encryption key"
      [32m+[0m[0m enable_key_rotation                = true
      [32m+[0m[0m id                                 = (known after apply)
      [32m+[0m[0m is_enabled                         = true
      [32m+[0m[0m key_id                             = (known after apply)
      [32m+[0m[0m key_usage                          = "ENCRYPT_DECRYPT"
      [32m+[0m[0m multi_region                       = false
      [32m+[0m[0m policy                             = (known after apply)
      [32m+[0m[0m rotation_period_in_days            = (known after apply)
      [32m+[0m[0m tags                               = {
          [32m+[0m[0m "terraform-aws-modules" = "eks"
        }
      [32m+[0m[0m tags_all                           = {
          [32m+[0m[0m "terraform-aws-modules" = "eks"
        }
    }

[1mPlan:[0m 59 to add, 0 to change, 0 to destroy.
[0m
Changes to Outputs:
  [32m+[0m[0m eks_cluster_endpoint = (known after apply)
  [32m+[0m[0m vpc_id               = (known after apply)
[90m
─────────────────────────────────────────────────────────────────────────────[0m

Note: You didn't use the -out option to save this plan, so Terraform can't
guarantee to take exactly these actions if you run "terraform apply" now.
